
Microsoft Visual Studio Solution File, Format Version 12.00
# Visual Studio Version 16
VisualStudioVersion = 16.0.31321.278
MinimumVisualStudioVersion = 10.0.40219.1
Project("{FAE04EC0-301F-11D3-BF4B-00C04F79EFBC}") = "gototest", "gototest\gototest.csproj", "{A197B7FA-7D77-46C0-AF8A-255A7E897D8B}"
EndProject
Global
	GlobalSection(SolutionConfigurationPlatforms) = preSolution
		Debug|Any CPU = Debug|Any CPU
		Release|Any CPU = Release|Any CPU
	EndGlobalSection
	GlobalSection(ProjectConfigurationPlatforms) = postSolution
		{A197B7FA-7D77-46C0-AF8A-255A7E897D8B}.Debug|Any CPU.ActiveCfg = Debug|Any CPU
		{A197B7FA-7D77-46C0-AF8A-255A7E897D8B}.Debug|Any CPU.Build.0 = Debug|Any CPU
		{A197B7FA-7D77-46C0-AF8A-255A7E897D8B}.Release|Any CPU.ActiveCfg = Release|Any CPU
		{A197B7FA-7D77-46C0-AF8A-255A7E897D8B}.Release|Any CPU.Build.0 = Release|Any CPU
	EndGlobalSection
	GlobalSection(SolutionProperties) = preSolution
		HideSolutionNode = FALSE
	EndGlobalSection
	GlobalSection(ExtensibilityGlobals) = postSolution
		SolutionGuid = {2ACB0147-6E89-463A-BE93-60A742437413}
	EndGlobalSection
EndGlobal
